
Microsoft Visual Studio Solution File, Format Version 12.00
# Visual Studio Version 17
VisualStudioVersion = 17.7.34031.279
MinimumVisualStudioVersion = 10.0.40219.1
Project("{9A19103F-16F7-4668-BE54-9A1E7A4F7556}") = "FalconFlipMerchantManager", "FalconFlipMerchantManager.csproj", "{B2455F4B-7187-4FDD-9F87-5B2075E69B3D}"
EndProject
Global
	GlobalSection(SolutionConfigurationPlatforms) = preSolution
		Debug|Any CPU = Debug|Any CPU
		Release|Any CPU = Release|Any CPU
	EndGlobalSection
	GlobalSection(ProjectConfigurationPlatforms) = postSolution
		{B2455F4B-7187-4FDD-9F87-5B2075E69B3D}.Debug|Any CPU.ActiveCfg = Debug|Any CPU
		{B2455F4B-7187-4FDD-9F87-5B2075E69B3D}.Debug|Any CPU.Build.0 = Debug|Any CPU
		{B2455F4B-7187-4FDD-9F87-5B2075E69B3D}.Release|Any CPU.ActiveCfg = Release|Any CPU
		{B2455F4B-7187-4FDD-9F87-5B2075E69B3D}.Release|Any CPU.Build.0 = Release|Any CPU
	EndGlobalSection
	GlobalSection(SolutionProperties) = preSolution
		HideSolutionNode = FALSE
	EndGlobalSection
	GlobalSection(ExtensibilityGlobals) = postSolution
		SolutionGuid = {4A984392-EA7D-429A-9CA1-B8FDFEC382F6}
	EndGlobalSection
EndGlobal
